
Microsoft Visual Studio Solution File, Format Version 12.00
# Visual Studio Version 17
VisualStudioVersion = 17.2.32630.192
MinimumVisualStudioVersion = 10.0.40219.1
Project("{8BC9CEB8-8B4A-11D0-8D11-00A0C91BC942}") = "test_11_29", "test_11_29\test_11_29.vcxproj", "{CFBAD404-4CC5-4F01-B688-FC2AB2D5DD74}"
EndProject
Global
	GlobalSection(SolutionConfigurationPlatforms) = preSolution
		Debug|x64 = Debug|x64
		Debug|x86 = Debug|x86
		Release|x64 = Release|x64
		Release|x86 = Release|x86
	EndGlobalSection
	GlobalSection(ProjectConfigurationPlatforms) = postSolution
		{CFBAD404-4CC5-4F01-B688-FC2AB2D5DD74}.Debug|x64.ActiveCfg = Debug|x64
		{CFBAD404-4CC5-4F01-B688-FC2AB2D5DD74}.Debug|x64.Build.0 = Debug|x64
		{CFBAD404-4CC5-4F01-B688-FC2AB2D5DD74}.Debug|x86.ActiveCfg = Debug|Win32
		{CFBAD404-4CC5-4F01-B688-FC2AB2D5DD74}.Debug|x86.Build.0 = Debug|Win32
		{CFBAD404-4CC5-4F01-B688-FC2AB2D5DD74}.Release|x64.ActiveCfg = Release|x64
		{CFBAD404-4CC5-4F01-B688-FC2AB2D5DD74}.Release|x64.Build.0 = Release|x64
		{CFBAD404-4CC5-4F01-B688-FC2AB2D5DD74}.Release|x86.ActiveCfg = Release|Win32
		{CFBAD404-4CC5-4F01-B688-FC2AB2D5DD74}.Release|x86.Build.0 = Release|Win32
	EndGlobalSection
	GlobalSection(SolutionProperties) = preSolution
		HideSolutionNode = FALSE
	EndGlobalSection
	GlobalSection(ExtensibilityGlobals) = postSolution
		SolutionGuid = {D69CA709-2FC1-4226-BC71-F65755376546}
	EndGlobalSection
EndGlobal
