
Microsoft Visual Studio Solution File, Format Version 12.00
# Visual Studio Version 17
VisualStudioVersion = 17.2.32630.192
MinimumVisualStudioVersion = 10.0.40219.1
Project("{8BC9CEB8-8B4A-11D0-8D11-00A0C91BC942}") = "test_11_5", "test_11_5\test_11_5.vcxproj", "{10ABFB8C-CD08-4083-8130-AD2DAA8D6932}"
EndProject
Global
	GlobalSection(SolutionConfigurationPlatforms) = preSolution
		Debug|x64 = Debug|x64
		Debug|x86 = Debug|x86
		Release|x64 = Release|x64
		Release|x86 = Release|x86
	EndGlobalSection
	GlobalSection(ProjectConfigurationPlatforms) = postSolution
		{10ABFB8C-CD08-4083-8130-AD2DAA8D6932}.Debug|x64.ActiveCfg = Debug|x64
		{10ABFB8C-CD08-4083-8130-AD2DAA8D6932}.Debug|x64.Build.0 = Debug|x64
		{10ABFB8C-CD08-4083-8130-AD2DAA8D6932}.Debug|x86.ActiveCfg = Debug|Win32
		{10ABFB8C-CD08-4083-8130-AD2DAA8D6932}.Debug|x86.Build.0 = Debug|Win32
		{10ABFB8C-CD08-4083-8130-AD2DAA8D6932}.Release|x64.ActiveCfg = Release|x64
		{10ABFB8C-CD08-4083-8130-AD2DAA8D6932}.Release|x64.Build.0 = Release|x64
		{10ABFB8C-CD08-4083-8130-AD2DAA8D6932}.Release|x86.ActiveCfg = Release|Win32
		{10ABFB8C-CD08-4083-8130-AD2DAA8D6932}.Release|x86.Build.0 = Release|Win32
	EndGlobalSection
	GlobalSection(SolutionProperties) = preSolution
		HideSolutionNode = FALSE
	EndGlobalSection
	GlobalSection(ExtensibilityGlobals) = postSolution
		SolutionGuid = {61BF93BC-6941-41BF-839C-6E82D9CBDDD0}
	EndGlobalSection
EndGlobal
